
Microsoft Visual Studio Solution File, Format Version 12.00
# Visual Studio Version 17
VisualStudioVersion = 17.12.35521.163
MinimumVisualStudioVersion = 10.0.40219.1
Project("{8BC9CEB8-8B4A-11D0-8D11-00A0C91BC942}") = "sample", "projects\sample\sample.vcxproj", "{E2C7595C-27B9-4ACD-B5DB-9241F0765848}"
EndProject
Project("{8BC9CEB8-8B4A-11D0-8D11-00A0C91BC942}") = "traceapi", "projects\traceapi\traceapi.vcxproj", "{7770171B-A483-4F1D-B0E5-5A77840FFE82}"
EndProject
Project("{8BC9CEB8-8B4A-11D0-8D11-00A0C91BC942}") = "syelogd", "projects\syelogd\syelogd.vcxproj", "{943573F0-05BF-4A02-A6FD-1D2888FDC9B8}"
EndProject
Project("{8BC9CEB8-8B4A-11D0-8D11-00A0C91BC942}") = "withdll", "projects\withdll\withdll.vcxproj", "{4828FABE-34BB-4239-9D98-BFA9BFE5FBF2}"
EndProject
Project("{8BC9CEB8-8B4A-11D0-8D11-00A0C91BC942}") = "syelog", "projects\syelog\syelog\syelog.vcxproj", "{D95A617B-1F60-46EA-B616-62926BC49B8B}"
EndProject
Global
	GlobalSection(SolutionConfigurationPlatforms) = preSolution
		Debug|x64 = Debug|x64
		Debug|x86 = Debug|x86
		Release|x64 = Release|x64
		Release|x86 = Release|x86
	EndGlobalSection
	GlobalSection(ProjectConfigurationPlatforms) = postSolution
		{E2C7595C-27B9-4ACD-B5DB-9241F0765848}.Debug|x64.ActiveCfg = Debug|x64
		{E2C7595C-27B9-4ACD-B5DB-9241F0765848}.Debug|x64.Build.0 = Debug|x64
		{E2C7595C-27B9-4ACD-B5DB-9241F0765848}.Debug|x86.ActiveCfg = Debug|Win32
		{E2C7595C-27B9-4ACD-B5DB-9241F0765848}.Debug|x86.Build.0 = Debug|Win32
		{E2C7595C-27B9-4ACD-B5DB-9241F0765848}.Release|x64.ActiveCfg = Release|x64
		{E2C7595C-27B9-4ACD-B5DB-9241F0765848}.Release|x64.Build.0 = Release|x64
		{E2C7595C-27B9-4ACD-B5DB-9241F0765848}.Release|x86.ActiveCfg = Release|Win32
		{E2C7595C-27B9-4ACD-B5DB-9241F0765848}.Release|x86.Build.0 = Release|Win32
		{7770171B-A483-4F1D-B0E5-5A77840FFE82}.Debug|x64.ActiveCfg = Debug|x64
		{7770171B-A483-4F1D-B0E5-5A77840FFE82}.Debug|x64.Build.0 = Debug|x64
		{7770171B-A483-4F1D-B0E5-5A77840FFE82}.Debug|x86.ActiveCfg = Debug|Win32
		{7770171B-A483-4F1D-B0E5-5A77840FFE82}.Debug|x86.Build.0 = Debug|Win32
		{7770171B-A483-4F1D-B0E5-5A77840FFE82}.Release|x64.ActiveCfg = Release|x64
		{7770171B-A483-4F1D-B0E5-5A77840FFE82}.Release|x64.Build.0 = Release|x64
		{7770171B-A483-4F1D-B0E5-5A77840FFE82}.Release|x86.ActiveCfg = Release|Win32
		{7770171B-A483-4F1D-B0E5-5A77840FFE82}.Release|x86.Build.0 = Release|Win32
		{943573F0-05BF-4A02-A6FD-1D2888FDC9B8}.Debug|x64.ActiveCfg = Debug|x64
		{943573F0-05BF-4A02-A6FD-1D2888FDC9B8}.Debug|x64.Build.0 = Debug|x64
		{943573F0-05BF-4A02-A6FD-1D2888FDC9B8}.Debug|x86.ActiveCfg = Debug|Win32
		{943573F0-05BF-4A02-A6FD-1D2888FDC9B8}.Debug|x86.Build.0 = Debug|Win32
		{943573F0-05BF-4A02-A6FD-1D2888FDC9B8}.Release|x64.ActiveCfg = Release|x64
		{943573F0-05BF-4A02-A6FD-1D2888FDC9B8}.Release|x64.Build.0 = Release|x64
		{943573F0-05BF-4A02-A6FD-1D2888FDC9B8}.Release|x86.ActiveCfg = Release|Win32
		{943573F0-05BF-4A02-A6FD-1D2888FDC9B8}.Release|x86.Build.0 = Release|Win32
		{4828FABE-34BB-4239-9D98-BFA9BFE5FBF2}.Debug|x64.ActiveCfg = Debug|x64
		{4828FABE-34BB-4239-9D98-BFA9BFE5FBF2}.Debug|x64.Build.0 = Debug|x64
		{4828FABE-34BB-4239-9D98-BFA9BFE5FBF2}.Debug|x86.ActiveCfg = Debug|Win32
		{4828FABE-34BB-4239-9D98-BFA9BFE5FBF2}.Debug|x86.Build.0 = Debug|Win32
		{4828FABE-34BB-4239-9D98-BFA9BFE5FBF2}.Release|x64.ActiveCfg = Release|x64
		{4828FABE-34BB-4239-9D98-BFA9BFE5FBF2}.Release|x64.Build.0 = Release|x64
		{4828FABE-34BB-4239-9D98-BFA9BFE5FBF2}.Release|x86.ActiveCfg = Release|Win32
		{4828FABE-34BB-4239-9D98-BFA9BFE5FBF2}.Release|x86.Build.0 = Release|Win32
		{D95A617B-1F60-46EA-B616-62926BC49B8B}.Debug|x64.ActiveCfg = Debug|x64
		{D95A617B-1F60-46EA-B616-62926BC49B8B}.Debug|x64.Build.0 = Debug|x64
		{D95A617B-1F60-46EA-B616-62926BC49B8B}.Debug|x86.ActiveCfg = Debug|Win32
		{D95A617B-1F60-46EA-B616-62926BC49B8B}.Debug|x86.Build.0 = Debug|Win32
		{D95A617B-1F60-46EA-B616-62926BC49B8B}.Release|x64.ActiveCfg = Release|x64
		{D95A617B-1F60-46EA-B616-62926BC49B8B}.Release|x64.Build.0 = Release|x64
		{D95A617B-1F60-46EA-B616-62926BC49B8B}.Release|x86.ActiveCfg = Release|Win32
		{D95A617B-1F60-46EA-B616-62926BC49B8B}.Release|x86.Build.0 = Release|Win32
	EndGlobalSection
	GlobalSection(SolutionProperties) = preSolution
		HideSolutionNode = FALSE
	EndGlobalSection
EndGlobal
